# This file is automatically @generated by Cargo.
# It is not intended for manual editing.
version = 3

[[package]]
name = "f3c"
version = "0.1.0"
dependencies = [
 "glob",
 "quick-xml",
]

[[package]]
name = "glob"
version = "0.3.1"
source = "registry+https://github.com/rust-lang/crates.io-index"
checksum = "d2fabcfbdc87f4758337ca535fb41a6d701b65693ce38287d856d1674551ec9b"

[[package]]
name = "memchr"
version = "2.5.0"
source = "registry+https://github.com/rust-lang/crates.io-index"
checksum = "2dffe52ecf27772e601905b7522cb4ef790d2cc203488bbd0e2fe85fcb74566d"

[[package]]
name = "quick-xml"
version = "0.28.1"
source = "registry+https://github.com/rust-lang/crates.io-index"
checksum = "e5c1a97b1bc42b1d550bfb48d4262153fe400a12bab1511821736f7eac76d7e2"
dependencies = [
 "memchr",
]
